
Microsoft Visual Studio Solution File, Format Version 12.00
# Visual Studio Version 17
VisualStudioVersion = 17.4.33205.214
MinimumVisualStudioVersion = 10.0.40219.1
Project("{FAE04EC0-301F-11D3-BF4B-00C04F79EFBC}") = "Section 3", "Section 3.csproj", "{51EBF8CC-7796-442A-8BE2-8840F852B63C}"
EndProject
Global
	GlobalSection(SolutionConfigurationPlatforms) = preSolution
		Debug|Any CPU = Debug|Any CPU
		Release|Any CPU = Release|Any CPU
	EndGlobalSection
	GlobalSection(ProjectConfigurationPlatforms) = postSolution
		{51EBF8CC-7796-442A-8BE2-8840F852B63C}.Debug|Any CPU.ActiveCfg = Debug|Any CPU
		{51EBF8CC-7796-442A-8BE2-8840F852B63C}.Debug|Any CPU.Build.0 = Debug|Any CPU
		{51EBF8CC-7796-442A-8BE2-8840F852B63C}.Release|Any CPU.ActiveCfg = Release|Any CPU
		{51EBF8CC-7796-442A-8BE2-8840F852B63C}.Release|Any CPU.Build.0 = Release|Any CPU
	EndGlobalSection
	GlobalSection(SolutionProperties) = preSolution
		HideSolutionNode = FALSE
	EndGlobalSection
	GlobalSection(ExtensibilityGlobals) = postSolution
		SolutionGuid = {63157A4C-556A-4B7C-B2CB-DB54070A59CE}
	EndGlobalSection
EndGlobal
